
Microsoft Visual Studio Solution File, Format Version 12.00
Project("{FAE04EC0-301F-11D3-BF4B-00C04F79EFBC}") = "UniStock", "UniStock\UniStock.csproj", "{5AA80460-0CF6-4D9E-8790-F14CC415DE65}"
EndProject
Project("{2150E333-8FDC-42A3-9474-1A3956D46DE8}") = "Solution Items", "Solution Items", "{E2ABEB1A-45E5-44C1-8B6C-1A9B15DB70DB}"
	ProjectSection(SolutionItems) = preProject
		compose.yaml = compose.yaml
	EndProjectSection
EndProject
Global
	GlobalSection(SolutionConfigurationPlatforms) = preSolution
		Debug|Any CPU = Debug|Any CPU
		Release|Any CPU = Release|Any CPU
	EndGlobalSection
	GlobalSection(ProjectConfigurationPlatforms) = postSolution
		{5AA80460-0CF6-4D9E-8790-F14CC415DE65}.Debug|Any CPU.ActiveCfg = Debug|Any CPU
		{5AA80460-0CF6-4D9E-8790-F14CC415DE65}.Debug|Any CPU.Build.0 = Debug|Any CPU
		{5AA80460-0CF6-4D9E-8790-F14CC415DE65}.Release|Any CPU.ActiveCfg = Release|Any CPU
		{5AA80460-0CF6-4D9E-8790-F14CC415DE65}.Release|Any CPU.Build.0 = Release|Any CPU
	EndGlobalSection
EndGlobal
